
Microsoft Visual Studio Solution File, Format Version 12.00
# Visual Studio Version 17
VisualStudioVersion = 17.4.33103.184
MinimumVisualStudioVersion = 10.0.40219.1
Project("{FAE04EC0-301F-11D3-BF4B-00C04F79EFBC}") = "Commander", "Commander\Commander.csproj", "{513834CD-981C-4690-9E74-C19E589E7D98}"
EndProject
Global
	GlobalSection(SolutionConfigurationPlatforms) = preSolution
		Debug|Any CPU = Debug|Any CPU
		Release|Any CPU = Release|Any CPU
	EndGlobalSection
	GlobalSection(ProjectConfigurationPlatforms) = postSolution
		{513834CD-981C-4690-9E74-C19E589E7D98}.Debug|Any CPU.ActiveCfg = Debug|Any CPU
		{513834CD-981C-4690-9E74-C19E589E7D98}.Debug|Any CPU.Build.0 = Debug|Any CPU
		{513834CD-981C-4690-9E74-C19E589E7D98}.Release|Any CPU.ActiveCfg = Release|Any CPU
		{513834CD-981C-4690-9E74-C19E589E7D98}.Release|Any CPU.Build.0 = Release|Any CPU
	EndGlobalSection
	GlobalSection(SolutionProperties) = preSolution
		HideSolutionNode = FALSE
	EndGlobalSection
	GlobalSection(ExtensibilityGlobals) = postSolution
		SolutionGuid = {4E6B98D3-B1B4-4CC4-9CA5-B7427E68B454}
	EndGlobalSection
EndGlobal
